{
  "requires": true,
  "lockfileVersion": 1,
  "dependencies": {
    "@syncfusion/ej2-base": {
      "version": "18.4.39",
      "resolved": "https://registry.npm.taobao.org/@syncfusion/ej2-base/download/@syncfusion/ej2-base-18.4.39.tgz",
      "integrity": "sha1-2LFxHeFP4ePAhu2BGUgnpH35i4U=",
      "requires": {
        "@syncfusion/ej2-icons": "~18.4.39"
      }
    },
    "@syncfusion/ej2-buttons": {
      "version": "18.4.39",
      "resolved": "https://registry.npm.taobao.org/@syncfusion/ej2-buttons/download/@syncfusion/ej2-buttons-18.4.39.tgz",
      "integrity": "sha1-yXOxbUZGGbV8gNgRq7khvMMsUJo=",
      "requires": {
        "@syncfusion/ej2-base": "~18.4.39"
      }
    },
    "@syncfusion/ej2-calendars": {
      "version": "18.4.39",
      "resolved": "https://registry.npm.taobao.org/@syncfusion/ej2-calendars/download/@syncfusion/ej2-calendars-18.4.39.tgz",
      "integrity": "sha1-LTBekzHrLCoPAAc28BPnkTKY5a0=",
      "requires": {
        "@syncfusion/ej2-base": "~18.4.39",
        "@syncfusion/ej2-buttons": "~18.4.39",
        "@syncfusion/ej2-inputs": "~18.4.39",
        "@syncfusion/ej2-lists": "~18.4.39",
        "@syncfusion/ej2-popups": "~18.4.39"
      }
    },
    "@syncfusion/ej2-compression": {
      "version": "18.4.39",
      "resolved": "https://registry.npm.taobao.org/@syncfusion/ej2-compression/download/@syncfusion/ej2-compression-18.4.39.tgz",
      "integrity": "sha1-h7TZN9uF3gVCP6jyoz1/Miu5cNg=",
      "requires": {
        "@syncfusion/ej2-file-utils": "~18.4.39"
      }
    },
    "@syncfusion/ej2-data": {
      "version": "18.4.39",
      "resolved": "https://registry.npm.taobao.org/@syncfusion/ej2-data/download/@syncfusion/ej2-data-18.4.39.tgz",
      "integrity": "sha1-gCU2rqypgEEa0wkgsFktNLF65fo=",
      "requires": {
        "@syncfusion/ej2-base": "~18.4.39"
      }
    },
    "@syncfusion/ej2-dropdowns": {
      "version": "18.4.39",
      "resolved": "https://registry.npm.taobao.org/@syncfusion/ej2-dropdowns/download/@syncfusion/ej2-dropdowns-18.4.39.tgz",
      "integrity": "sha1-xdFZq0ej7TdYzV3zhXmjk5pE5jg=",
      "requires": {
        "@syncfusion/ej2-base": "~18.4.39",
        "@syncfusion/ej2-data": "~18.4.39",
        "@syncfusion/ej2-inputs": "~18.4.39",
        "@syncfusion/ej2-lists": "~18.4.39",
        "@syncfusion/ej2-navigations": "~18.4.39",
        "@syncfusion/ej2-popups": "~18.4.39"
      }
    },
    "@syncfusion/ej2-excel-export": {
      "version": "18.4.39",
      "resolved": "https://registry.npm.taobao.org/@syncfusion/ej2-excel-export/download/@syncfusion/ej2-excel-export-18.4.39.tgz",
      "integrity": "sha1-hzVf830iJuE7y4sRY62+qCVfOcE=",
      "requires": {
        "@syncfusion/ej2-base": "~18.4.39",
        "@syncfusion/ej2-compression": "~18.4.39"
      }
    },
    "@syncfusion/ej2-file-utils": {
      "version": "18.4.39",
      "resolved": "https://registry.npm.taobao.org/@syncfusion/ej2-file-utils/download/@syncfusion/ej2-file-utils-18.4.39.tgz",
      "integrity": "sha1-45Kfg2sh/BI4BBW2lC0ikJup/fk="
    },
    "@syncfusion/ej2-filemanager": {
      "version": "18.4.39",
      "resolved": "https://registry.npm.taobao.org/@syncfusion/ej2-filemanager/download/@syncfusion/ej2-filemanager-18.4.39.tgz",
      "integrity": "sha1-qahGAtg8XnPsJphdHILJ6xwOJQ8=",
      "requires": {
        "@syncfusion/ej2-base": "~18.4.39",
        "@syncfusion/ej2-buttons": "~18.4.39",
        "@syncfusion/ej2-data": "~18.4.39",
        "@syncfusion/ej2-grids": "~18.4.39",
        "@syncfusion/ej2-inputs": "~18.4.39",
        "@syncfusion/ej2-layouts": "~18.4.39",
        "@syncfusion/ej2-lists": "~18.4.39",
        "@syncfusion/ej2-navigations": "~18.4.39",
        "@syncfusion/ej2-popups": "~18.4.39",
        "@syncfusion/ej2-splitbuttons": "~18.4.39",
        "selenium-webdriver": "^4.0.0-alpha.1"
      }
    },
    "@syncfusion/ej2-grids": {
      "version": "18.4.39",
      "resolved": "https://registry.npm.taobao.org/@syncfusion/ej2-grids/download/@syncfusion/ej2-grids-18.4.39.tgz",
      "integrity": "sha1-yCvKd/p5scDDqffWdauwUUyZW+k=",
      "requires": {
        "@syncfusion/ej2-base": "~18.4.39",
        "@syncfusion/ej2-buttons": "~18.4.39",
        "@syncfusion/ej2-calendars": "~18.4.39",
        "@syncfusion/ej2-compression": "~18.4.39",
        "@syncfusion/ej2-data": "~18.4.39",
        "@syncfusion/ej2-dropdowns": "~18.4.39",
        "@syncfusion/ej2-excel-export": "~18.4.39",
        "@syncfusion/ej2-file-utils": "~18.4.39",
        "@syncfusion/ej2-inputs": "~18.4.39",
        "@syncfusion/ej2-lists": "~18.4.39",
        "@syncfusion/ej2-navigations": "~18.4.39",
        "@syncfusion/ej2-pdf-export": "~18.4.39",
        "@syncfusion/ej2-popups": "~18.4.39",
        "@syncfusion/ej2-splitbuttons": "~18.4.39"
      }
    },
    "@syncfusion/ej2-icons": {
      "version": "18.4.39",
      "resolved": "https://registry.npm.taobao.org/@syncfusion/ej2-icons/download/@syncfusion/ej2-icons-18.4.39.tgz",
      "integrity": "sha1-bhgLb9hSB8dn947oZYTERNQjZ3U="
    },
    "@syncfusion/ej2-inputs": {
      "version": "18.4.39",
      "resolved": "https://registry.npm.taobao.org/@syncfusion/ej2-inputs/download/@syncfusion/ej2-inputs-18.4.39.tgz",
      "integrity": "sha1-IM4fQQwdLpMrvxpqwrTtB284gqg=",
      "requires": {
        "@syncfusion/ej2-base": "~18.4.39",
        "@syncfusion/ej2-buttons": "~18.4.39",
        "@syncfusion/ej2-popups": "~18.4.39",
        "@syncfusion/ej2-splitbuttons": "~18.4.39"
      }
    },
    "@syncfusion/ej2-layouts": {
      "version": "18.4.39",
      "resolved": "https://registry.npm.taobao.org/@syncfusion/ej2-layouts/download/@syncfusion/ej2-layouts-18.4.39.tgz",
      "integrity": "sha1-rmLo4uveHf9KM+zWFsLegVA7J7s=",
      "requires": {
        "@syncfusion/ej2-base": "~18.4.39"
      }
    },
    "@syncfusion/ej2-lists": {
      "version": "18.4.39",
      "resolved": "https://registry.npm.taobao.org/@syncfusion/ej2-lists/download/@syncfusion/ej2-lists-18.4.39.tgz",
      "integrity": "sha1-4BPU9uh9RiugT2e2lIs/K7oB14k=",
      "requires": {
        "@syncfusion/ej2-base": "~18.4.39",
        "@syncfusion/ej2-buttons": "~18.4.39",
        "@syncfusion/ej2-data": "~18.4.39"
      }
    },
    "@syncfusion/ej2-navigations": {
      "version": "18.4.39",
      "resolved": "https://registry.npm.taobao.org/@syncfusion/ej2-navigations/download/@syncfusion/ej2-navigations-18.4.39.tgz",
      "integrity": "sha1-ZMN6oCQJtnDEyQqIlnTyun57GGY=",
      "requires": {
        "@syncfusion/ej2-base": "~18.4.39",
        "@syncfusion/ej2-buttons": "~18.4.39",
        "@syncfusion/ej2-data": "~18.4.39",
        "@syncfusion/ej2-inputs": "~18.4.39",
        "@syncfusion/ej2-lists": "~18.4.39",
        "@syncfusion/ej2-popups": "~18.4.39"
      }
    },
    "@syncfusion/ej2-pdf-export": {
      "version": "18.4.39",
      "resolved": "https://registry.npm.taobao.org/@syncfusion/ej2-pdf-export/download/@syncfusion/ej2-pdf-export-18.4.39.tgz",
      "integrity": "sha1-gJy0zIZgSZdGF0nAacbcTDg3hpw=",
      "requires": {
        "@syncfusion/ej2-compression": "~18.4.39"
      }
    },
    "@syncfusion/ej2-popups": {
      "version": "18.4.39",
      "resolved": "https://registry.npm.taobao.org/@syncfusion/ej2-popups/download/@syncfusion/ej2-popups-18.4.39.tgz",
      "integrity": "sha1-5I1Ziz5cSyaYC83NEHRkbrg1yCg=",
      "requires": {
        "@syncfusion/ej2-base": "~18.4.39",
        "@syncfusion/ej2-buttons": "~18.4.39"
      }
    },
    "@syncfusion/ej2-splitbuttons": {
      "version": "18.4.39",
      "resolved": "https://registry.npm.taobao.org/@syncfusion/ej2-splitbuttons/download/@syncfusion/ej2-splitbuttons-18.4.39.tgz",
      "integrity": "sha1-xSLHYlMdmiWwN2hDj0WhJTt8aEI=",
      "requires": {
        "@syncfusion/ej2-base": "~18.4.39",
        "@syncfusion/ej2-popups": "~18.4.39"
      }
    },
    "balanced-match": {
      "version": "1.0.0",
      "resolved": "https://registry.npm.taobao.org/balanced-match/download/balanced-match-1.0.0.tgz",
      "integrity": "sha1-ibTRmasr7kneFk6gK4nORi1xt2c="
    },
    "brace-expansion": {
      "version": "1.1.11",
      "resolved": "https://registry.npm.taobao.org/brace-expansion/download/brace-expansion-1.1.11.tgz",
      "integrity": "sha1-PH/L9SnYcibz0vUrlm/1Jx60Qd0=",
      "requires": {
        "balanced-match": "^1.0.0",
        "concat-map": "0.0.1"
      }
    },
    "concat-map": {
      "version": "0.0.1",
      "resolved": "https://registry.npm.taobao.org/concat-map/download/concat-map-0.0.1.tgz",
      "integrity": "sha1-2Klr13/Wjfd5OnMDajug1UBdR3s="
    },
    "core-util-is": {
      "version": "1.0.2",
      "resolved": "https://registry.npm.taobao.org/core-util-is/download/core-util-is-1.0.2.tgz",
      "integrity": "sha1-tf1UIgqivFq1eqtxQMlAdUUDwac="
    },
    "fs.realpath": {
      "version": "1.0.0",
      "resolved": "https://registry.npm.taobao.org/fs.realpath/download/fs.realpath-1.0.0.tgz",
      "integrity": "sha1-FQStJSMVjKpA20onh8sBQRmU6k8="
    },
    "glob": {
      "version": "7.1.6",
      "resolved": "https://registry.npm.taobao.org/glob/download/glob-7.1.6.tgz?cache=0&sync_timestamp=1608222050029&other_urls=https%3A%2F%2Fregistry.npm.taobao.org%2Fglob%2Fdownload%2Fglob-7.1.6.tgz",
      "integrity": "sha1-FB8zuBp8JJLhJVlDB0gMRmeSeKY=",
      "requires": {
        "fs.realpath": "^1.0.0",
        "inflight": "^1.0.4",
        "inherits": "2",
        "minimatch": "^3.0.4",
        "once": "^1.3.0",
        "path-is-absolute": "^1.0.0"
      }
    },
    "immediate": {
      "version": "3.0.6",
      "resolved": "https://registry.npm.taobao.org/immediate/download/immediate-3.0.6.tgz",
      "integrity": "sha1-nbHb0Pr43m++D13V5Wu2BigN5ps="
    },
    "inflight": {
      "version": "1.0.6",
      "resolved": "https://registry.npm.taobao.org/inflight/download/inflight-1.0.6.tgz",
      "integrity": "sha1-Sb1jMdfQLQwJvJEKEHW6gWW1bfk=",
      "requires": {
        "once": "^1.3.0",
        "wrappy": "1"
      }
    },
    "inherits": {
      "version": "2.0.4",
      "resolved": "https://registry.npm.taobao.org/inherits/download/inherits-2.0.4.tgz",
      "integrity": "sha1-D6LGT5MpF8NDOg3tVTY6rjdBa3w="
    },
    "isarray": {
      "version": "1.0.0",
      "resolved": "https://registry.npm.taobao.org/isarray/download/isarray-1.0.0.tgz",
      "integrity": "sha1-u5NdSFgsuhaMBoNJV6VKPgcSTxE="
    },
    "jszip": {
      "version": "3.5.0",
      "resolved": "https://registry.npm.taobao.org/jszip/download/jszip-3.5.0.tgz?cache=0&sync_timestamp=1608119104649&other_urls=https%3A%2F%2Fregistry.npm.taobao.org%2Fjszip%2Fdownload%2Fjszip-3.5.0.tgz",
      "integrity": "sha1-tP0fNoJFNGZY54H+yWdYAkieFfY=",
      "requires": {
        "lie": "~3.3.0",
        "pako": "~1.0.2",
        "readable-stream": "~2.3.6",
        "set-immediate-shim": "~1.0.1"
      }
    },
    "lie": {
      "version": "3.3.0",
      "resolved": "https://registry.npm.taobao.org/lie/download/lie-3.3.0.tgz",
      "integrity": "sha1-3Pgt7lRfRgdNryAMfBxaCOD0D2o=",
      "requires": {
        "immediate": "~3.0.5"
      }
    },
    "minimatch": {
      "version": "3.0.4",
      "resolved": "https://registry.npm.taobao.org/minimatch/download/minimatch-3.0.4.tgz",
      "integrity": "sha1-UWbihkV/AzBgZL5Ul+jbsMPTIIM=",
      "requires": {
        "brace-expansion": "^1.1.7"
      }
    },
    "once": {
      "version": "1.4.0",
      "resolved": "https://registry.npm.taobao.org/once/download/once-1.4.0.tgz",
      "integrity": "sha1-WDsap3WWHUsROsF9nFC6753Xa9E=",
      "requires": {
        "wrappy": "1"
      }
    },
    "pako": {
      "version": "1.0.11",
      "resolved": "https://registry.npm.taobao.org/pako/download/pako-1.0.11.tgz",
      "integrity": "sha1-bJWZ00DVTf05RjgCUqNXBaa5kr8="
    },
    "path-is-absolute": {
      "version": "1.0.1",
      "resolved": "https://registry.npm.taobao.org/path-is-absolute/download/path-is-absolute-1.0.1.tgz",
      "integrity": "sha1-F0uSaHNVNP+8es5r9TpanhtcX18="
    },
    "process-nextick-args": {
      "version": "2.0.1",
      "resolved": "https://registry.npm.taobao.org/process-nextick-args/download/process-nextick-args-2.0.1.tgz",
      "integrity": "sha1-eCDZsWEgzFXKmud5JoCufbptf+I="
    },
    "readable-stream": {
      "version": "2.3.7",
      "resolved": "https://registry.npm.taobao.org/readable-stream/download/readable-stream-2.3.7.tgz?cache=0&sync_timestamp=1599533166272&other_urls=https%3A%2F%2Fregistry.npm.taobao.org%2Freadable-stream%2Fdownload%2Freadable-stream-2.3.7.tgz",
      "integrity": "sha1-Hsoc9xGu+BTAT2IlKjamL2yyO1c=",
      "requires": {
        "core-util-is": "~1.0.0",
        "inherits": "~2.0.3",
        "isarray": "~1.0.0",
        "process-nextick-args": "~2.0.0",
        "safe-buffer": "~5.1.1",
        "string_decoder": "~1.1.1",
        "util-deprecate": "~1.0.1"
      }
    },
    "rimraf": {
      "version": "2.7.1",
      "resolved": "https://registry.npm.taobao.org/rimraf/download/rimraf-2.7.1.tgz?cache=0&other_urls=https%3A%2F%2Fregistry.npm.taobao.org%2Frimraf%2Fdownload%2Frimraf-2.7.1.tgz",
      "integrity": "sha1-NXl/E6f9rcVmFCwp1PB8ytSD4+w=",
      "requires": {
        "glob": "^7.1.3"
      }
    },
    "safe-buffer": {
      "version": "5.1.2",
      "resolved": "https://registry.npm.taobao.org/safe-buffer/download/safe-buffer-5.1.2.tgz",
      "integrity": "sha1-mR7GnSluAxN0fVm9/St0XDX4go0="
    },
    "selenium-webdriver": {
      "version": "4.0.0-alpha.8",
      "resolved": "https://registry.npm.taobao.org/selenium-webdriver/download/selenium-webdriver-4.0.0-alpha.8.tgz",
      "integrity": "sha1-XLmfQjmznb3/aseWiT+HPQRN07w=",
      "requires": {
        "jszip": "^3.5.0",
        "rimraf": "^2.7.1",
        "tmp": "^0.1.0",
        "ws": "^7.3.1"
      }
    },
    "set-immediate-shim": {
      "version": "1.0.1",
      "resolved": "https://registry.npm.taobao.org/set-immediate-shim/download/set-immediate-shim-1.0.1.tgz",
      "integrity": "sha1-SysbJ+uAip+NzEgaWOXlb1mfP2E="
    },
    "string_decoder": {
      "version": "1.1.1",
      "resolved": "https://registry.npm.taobao.org/string_decoder/download/string_decoder-1.1.1.tgz",
      "integrity": "sha1-nPFhG6YmhdcDCunkujQUnDrwP8g=",
      "requires": {
        "safe-buffer": "~5.1.0"
      }
    },
    "tmp": {
      "version": "0.1.0",
      "resolved": "https://registry.npm.taobao.org/tmp/download/tmp-0.1.0.tgz?cache=0&sync_timestamp=1598275543925&other_urls=https%3A%2F%2Fregistry.npm.taobao.org%2Ftmp%2Fdownload%2Ftmp-0.1.0.tgz",
      "integrity": "sha1-7kNKTiJUMILilLpiAdzG6v76KHc=",
      "requires": {
        "rimraf": "^2.6.3"
      }
    },
    "util-deprecate": {
      "version": "1.0.2",
      "resolved": "https://registry.npm.taobao.org/util-deprecate/download/util-deprecate-1.0.2.tgz",
      "integrity": "sha1-RQ1Nyfpw3nMnYvvS1KKJgUGaDM8="
    },
    "wrappy": {
      "version": "1.0.2",
      "resolved": "https://registry.npm.taobao.org/wrappy/download/wrappy-1.0.2.tgz",
      "integrity": "sha1-tSQ9jz7BqjXxNkYFvA0QNuMKtp8="
    },
    "ws": {
      "version": "7.4.2",
      "resolved": "https://registry.npm.taobao.org/ws/download/ws-7.4.2.tgz?cache=0&sync_timestamp=1609274396223&other_urls=https%3A%2F%2Fregistry.npm.taobao.org%2Fws%2Fdownload%2Fws-7.4.2.tgz",
      "integrity": "sha1-eCEABI5U6zb+mEM2OrHGhnKyYd0="
    }
  }
}
